PODS:
  - Alamofire (4.6.0)
  - QRCodeReader.swift (8.0.4)

DEPENDENCIES:
  - Alamofire (~> 4.5)
  - QRCodeReader.swift (~> 8.0.3)

SPEC CHECKSUMS:
  Alamofire: f41a599bd63041760b26d393ec1069d9d7b917f4
  QRCodeReader.swift: 9730cfa7ed5f0dd839765df8cf18d41db20e4081

PODFILE CHECKSUM: 2b1d51af25b4afdba6e954c7cb9bdb17aa7e34aa

COCOAPODS: 1.4.0
