<?xml version="1.0" encoding="UTF-8"?>
<Scheme
   version = "1.3">
   <BuildAction>
      <BuildActionEntries>
         <BuildActionEntry
            buildForRunning = "YES">
            <BuildableReference
               BuildableIdentifier = "primary"
               BlueprintIdentifier = "F0D7152E1FF14CA60016CFBF"
               BuildableName = "VillageSecurityAppIos.app"
               BlueprintName = "VillageSecurityAppIos"
               ReferencedContainer = "container:VillageSecurityAppIos.xcodeproj">
            </BuildableReference>
         </BuildActionEntry>
      </BuildActionEntries>
   </BuildAction>
   <LaunchAction
      useCustomWorkingDirectory = "NO"
      buildConfiguration = "Debug"
      allowLocationSimulation = "YES">
      <BuildableProductRunnable>
         <BuildableReference
            BuildableIdentifier = "primary"
            BlueprintIdentifier = "F0D7152E1FF14CA60016CFBF"
            BuildableName = "VillageSecurityAppIos.app"
            BlueprintName = "VillageSecurityAppIos"
            ReferencedContainer = "container:VillageSecurityAppIos.xcodeproj">
         </BuildableReference>
      </BuildableProductRunnable>
   </LaunchAction>
</Scheme>
