// !$*UTF8*$!
{
	archiveVersion = 1;
	classes = {
	};
	objectVersion = 48;
	objects = {

/* Begin PBXBuildFile section */
		62C152DB680DE3E04E7AD7AD /* Pods_VillageSecurityAppIos.framework in Frameworks */ = {isa = PBXBuildFile; fileRef = C71552EACC61B24144D1E7F6 /* Pods_VillageSecurityAppIos.framework */; };
		ADD99DF31FFCC78100AFEB70 /* SplashScreenViewController.swift in Sources */ = {isa = PBXBuildFile; fileRef = ADD99DF21FFCC78100AFEB70 /* SplashScreenViewController.swift */; };
		ADEA5215200460EB00E284C6 /* GenericApi.swift in Sources */ = {isa = PBXBuildFile; fileRef = ADEA5213200460EB00E284C6 /* GenericApi.swift */; };
		ADEA5216200460EB00E284C6 /* GenericDelegate.swift in Sources */ = {isa = PBXBuildFile; fileRef = ADEA5214200460EB00E284C6 /* GenericDelegate.swift */; };
		F04D3F541FF7556D009EA5F8 /* Generic.swift in Sources */ = {isa = PBXBuildFile; fileRef = F04D3F531FF7556D009EA5F8 /* Generic.swift */; };
		F04D3F561FFA9E08009EA5F8 /* Constants.swift in Sources */ = {isa = PBXBuildFile; fileRef = F04D3F551FFA9E08009EA5F8 /* Constants.swift */; };
		F04D3F581FFB468A009EA5F8 /* ShareData.swift in Sources */ = {isa = PBXBuildFile; fileRef = F04D3F571FFB4689009EA5F8 /* ShareData.swift */; };
		F0AF63FB2003BC4200C2F748 /* GenericApi.swift in Sources */ = {isa = PBXBuildFile; fileRef = F0AF63F92003BC4200C2F748 /* GenericApi.swift */; };
		F0AF63FC2003BC4200C2F748 /* GenericDelegate.swift in Sources */ = {isa = PBXBuildFile; fileRef = F0AF63FA2003BC4200C2F748 /* GenericDelegate.swift */; };
		F0AF63FE2003C75700C2F748 /* UserMenuViewController.swift in Sources */ = {isa = PBXBuildFile; fileRef = F0AF63FD2003C75700C2F748 /* UserMenuViewController.swift */; };
		F0D715331FF14CA60016CFBF /* AppDelegate.swift in Sources */ = {isa = PBXBuildFile; fileRef = F0D715321FF14CA60016CFBF /* AppDelegate.swift */; };
		F0D715351FF14CA60016CFBF /* LoginViewController.swift in Sources */ = {isa = PBXBuildFile; fileRef = F0D715341FF14CA60016CFBF /* LoginViewController.swift */; };
		F0D715381FF14CA60016CFBF /* Main.storyboard in Resources */ = {isa = PBXBuildFile; fileRef = F0D715361FF14CA60016CFBF /* Main.storyboard */; };
		F0D7153A1FF14CA60016CFBF /* Assets.xcassets in Resources */ = {isa = PBXBuildFile; fileRef = F0D715391FF14CA60016CFBF /* Assets.xcassets */; };
		F0D7153D1FF14CA60016CFBF /* LaunchScreen.storyboard in Resources */ = {isa = PBXBuildFile; fileRef = F0D7153B1FF14CA60016CFBF /* LaunchScreen.storyboard */; };
/* End PBXBuildFile section */

/* Begin PBXFileReference section */
		6D6E64D97F3AAEA316AD500B /* Pods-VillageSecurityAppIos.release.xcconfig */ = {isa = PBXFileReference; includeInIndex = 1; lastKnownFileType = text.xcconfig; name = "Pods-VillageSecurityAppIos.release.xcconfig"; path = "Pods/Target Support Files/Pods-VillageSecurityAppIos/Pods-VillageSecurityAppIos.release.xcconfig"; sourceTree = "<group>"; };
		8173C8AC2303860259E676B1 /* Pods-VillageSecurityAppIos.debug.xcconfig */ = {isa = PBXFileReference; includeInIndex = 1; lastKnownFileType = text.xcconfig; name = "Pods-VillageSecurityAppIos.debug.xcconfig"; path = "Pods/Target Support Files/Pods-VillageSecurityAppIos/Pods-VillageSecurityAppIos.debug.xcconfig"; sourceTree = "<group>"; };
		ADD99DF21FFCC78100AFEB70 /* SplashScreenViewController.swift */ = {isa = PBXFileReference; lastKnownFileType = sourcecode.swift; path = SplashScreenViewController.swift; sourceTree = "<group>"; };
		ADEA5213200460EB00E284C6 /* GenericApi.swift */ = {isa = PBXFileReference; fileEncoding = 4; lastKnownFileType = sourcecode.swift; path = GenericApi.swift; sourceTree = "<group>"; };
		ADEA5214200460EB00E284C6 /* GenericDelegate.swift */ = {isa = PBXFileReference; fileEncoding = 4; lastKnownFileType = sourcecode.swift; path = GenericDelegate.swift; sourceTree = "<group>"; };
		C71552EACC61B24144D1E7F6 /* Pods_VillageSecurityAppIos.framework */ = {isa = PBXFileReference; explicitFileType = wrapper.framework; includeInIndex = 0; path = Pods_VillageSecurityAppIos.framework; sourceTree = BUILT_PRODUCTS_DIR; };
		F04D3F531FF7556D009EA5F8 /* Generic.swift */ = {isa = PBXFileReference; lastKnownFileType = sourcecode.swift; path = Generic.swift; sourceTree = "<group>"; };
		F04D3F551FFA9E08009EA5F8 /* Constants.swift */ = {isa = PBXFileReference; lastKnownFileType = sourcecode.swift; path = Constants.swift; sourceTree = "<group>"; };
		F04D3F571FFB4689009EA5F8 /* ShareData.swift */ = {isa = PBXFileReference; lastKnownFileType = sourcecode.swift; path = ShareData.swift; sourceTree = "<group>"; };
		F0AF63F92003BC4200C2F748 /* GenericApi.swift */ = {isa = PBXFileReference; fileEncoding = 4; lastKnownFileType = sourcecode.swift; path = GenericApi.swift; sourceTree = "<group>"; };
		F0AF63FA2003BC4200C2F748 /* GenericDelegate.swift */ = {isa = PBXFileReference; fileEncoding = 4; lastKnownFileType = sourcecode.swift; path = GenericDelegate.swift; sourceTree = "<group>"; };
		F0AF63FD2003C75700C2F748 /* UserMenuViewController.swift */ = {isa = PBXFileReference; lastKnownFileType = sourcecode.swift; path = UserMenuViewController.swift; sourceTree = "<group>"; };
		F0D7152F1FF14CA60016CFBF /* VillageSecurityAppIos.app */ = {isa = PBXFileReference; explicitFileType = wrapper.application; includeInIndex = 0; path = VillageSecurityAppIos.app; sourceTree = BUILT_PRODUCTS_DIR; };
		F0D715321FF14CA60016CFBF /* AppDelegate.swift */ = {isa = PBXFileReference; lastKnownFileType = sourcecode.swift; path = AppDelegate.swift; sourceTree = "<group>"; };
		F0D715341FF14CA60016CFBF /* LoginViewController.swift */ = {isa = PBXFileReference; lastKnownFileType = sourcecode.swift; path = LoginViewController.swift; sourceTree = "<group>"; };
		F0D715371FF14CA60016CFBF /* Base */ = {isa = PBXFileReference; lastKnownFileType = file.storyboard; name = Base; path = Base.lproj/Main.storyboard; sourceTree = "<group>"; };
		F0D715391FF14CA60016CFBF /* Assets.xcassets */ = {isa = PBXFileReference; lastKnownFileType = folder.assetcatalog; path = Assets.xcassets; sourceTree = "<group>"; };
		F0D7153C1FF14CA60016CFBF /* Base */ = {isa = PBXFileReference; lastKnownFileType = file.storyboard; name = Base; path = Base.lproj/LaunchScreen.storyboard; sourceTree = "<group>"; };
		F0D7153E1FF14CA60016CFBF /* Info.plist */ = {isa = PBXFileReference; lastKnownFileType = text.plist.xml; path = Info.plist; sourceTree = "<group>"; };
/* End PBXFileReference section */

/* Begin PBXFrameworksBuildPhase section */
		F0D7152C1FF14CA60016CFBF /* Frameworks */ = {
			isa = PBXFrameworksBuildPhase;
			buildActionMask = 2147483647;
			files = (
				62C152DB680DE3E04E7AD7AD /* Pods_VillageSecurityAppIos.framework in Frameworks */,
			);
			runOnlyForDeploymentPostprocessing = 0;
		};
/* End PBXFrameworksBuildPhase section */

/* Begin PBXGroup section */
		76D1D60CB79D0BD948C361CB /* Pods */ = {
			isa = PBXGroup;
			children = (
				8173C8AC2303860259E676B1 /* Pods-VillageSecurityAppIos.debug.xcconfig */,
				6D6E64D97F3AAEA316AD500B /* Pods-VillageSecurityAppIos.release.xcconfig */,
			);
			name = Pods;
			sourceTree = "<group>";
		};
		AD024C301FF231020092275E /* Views */ = {
			isa = PBXGroup;
			children = (
			);
			path = Views;
			sourceTree = "<group>";
		};
		AD024C311FF231020092275E /* Models */ = {
			isa = PBXGroup;
			children = (
<<<<<<< Updated upstream
				ADEA5211200460EB00E284C6 /* APIs */,
=======
				F0AF63F72003BC4200C2F748 /* APIs */,
>>>>>>> Stashed changes
				F04D3F521FF75550009EA5F8 /* Responses */,
				F04D3F551FFA9E08009EA5F8 /* Constants.swift */,
				F04D3F571FFB4689009EA5F8 /* ShareData.swift */,
			);
			path = Models;
			sourceTree = "<group>";
		};
		AD024C331FF231280092275E /* Controllers */ = {
			isa = PBXGroup;
			children = (
				F0D715341FF14CA60016CFBF /* LoginViewController.swift */,
				ADD99DF21FFCC78100AFEB70 /* SplashScreenViewController.swift */,
				F0AF63FD2003C75700C2F748 /* UserMenuViewController.swift */,
			);
			path = Controllers;
			sourceTree = "<group>";
		};
		ADEA5211200460EB00E284C6 /* APIs */ = {
			isa = PBXGroup;
			children = (
				ADEA5212200460EB00E284C6 /* GenericAPI */,
			);
			path = APIs;
			sourceTree = "<group>";
		};
		ADEA5212200460EB00E284C6 /* GenericAPI */ = {
			isa = PBXGroup;
			children = (
				ADEA5213200460EB00E284C6 /* GenericApi.swift */,
				ADEA5214200460EB00E284C6 /* GenericDelegate.swift */,
			);
			path = GenericAPI;
			sourceTree = "<group>";
		};
		ECE32DE5797E1459BC40612C /* Frameworks */ = {
			isa = PBXGroup;
			children = (
				C71552EACC61B24144D1E7F6 /* Pods_VillageSecurityAppIos.framework */,
			);
			name = Frameworks;
			sourceTree = "<group>";
		};
		F04D3F521FF75550009EA5F8 /* Responses */ = {
			isa = PBXGroup;
			children = (
				F04D3F531FF7556D009EA5F8 /* Generic.swift */,
			);
			path = Responses;
			sourceTree = "<group>";
		};
		F0AF63F72003BC4200C2F748 /* APIs */ = {
			isa = PBXGroup;
			children = (
				F0AF63F82003BC4200C2F748 /* GenericAPI */,
			);
			path = APIs;
			sourceTree = "<group>";
		};
		F0AF63F82003BC4200C2F748 /* GenericAPI */ = {
			isa = PBXGroup;
			children = (
				F0AF63F92003BC4200C2F748 /* GenericApi.swift */,
				F0AF63FA2003BC4200C2F748 /* GenericDelegate.swift */,
			);
			path = GenericAPI;
			sourceTree = "<group>";
		};
		F0D715261FF14CA60016CFBF = {
			isa = PBXGroup;
			children = (
				F0D715311FF14CA60016CFBF /* VillageSecurityAppIos */,
				F0D715301FF14CA60016CFBF /* Products */,
				76D1D60CB79D0BD948C361CB /* Pods */,
				ECE32DE5797E1459BC40612C /* Frameworks */,
			);
			sourceTree = "<group>";
		};
		F0D715301FF14CA60016CFBF /* Products */ = {
			isa = PBXGroup;
			children = (
				F0D7152F1FF14CA60016CFBF /* VillageSecurityAppIos.app */,
			);
			name = Products;
			sourceTree = "<group>";
		};
		F0D715311FF14CA60016CFBF /* VillageSecurityAppIos */ = {
			isa = PBXGroup;
			children = (
				AD024C331FF231280092275E /* Controllers */,
				AD024C301FF231020092275E /* Views */,
				AD024C311FF231020092275E /* Models */,
				F0D715321FF14CA60016CFBF /* AppDelegate.swift */,
				F0D715361FF14CA60016CFBF /* Main.storyboard */,
				F0D715391FF14CA60016CFBF /* Assets.xcassets */,
				F0D7153B1FF14CA60016CFBF /* LaunchScreen.storyboard */,
				F0D7153E1FF14CA60016CFBF /* Info.plist */,
			);
			path = VillageSecurityAppIos;
			sourceTree = "<group>";
		};
/* End PBXGroup section */

/* Begin PBXNativeTarget section */
		F0D7152E1FF14CA60016CFBF /* VillageSecurityAppIos */ = {
			isa = PBXNativeTarget;
			buildConfigurationList = F0D715411FF14CA60016CFBF /* Build configuration list for PBXNativeTarget "VillageSecurityAppIos" */;
			buildPhases = (
				BB7063AC16A884A79350B556 /* [CP] Check Pods Manifest.lock */,
				F0D7152B1FF14CA60016CFBF /* Sources */,
				F0D7152C1FF14CA60016CFBF /* Frameworks */,
				F0D7152D1FF14CA60016CFBF /* Resources */,
				9F5680923F1968ED2ED3ECFD /* [CP] Embed Pods Frameworks */,
				3803F983C806F235403911EC /* [CP] Copy Pods Resources */,
			);
			buildRules = (
			);
			dependencies = (
			);
			name = VillageSecurityAppIos;
			productName = VillageSecurityAppIos;
			productReference = F0D7152F1FF14CA60016CFBF /* VillageSecurityAppIos.app */;
			productType = "com.apple.product-type.application";
		};
/* End PBXNativeTarget section */

/* Begin PBXProject section */
		F0D715271FF14CA60016CFBF /* Project object */ = {
			isa = PBXProject;
			attributes = {
				LastSwiftUpdateCheck = 0920;
				LastUpgradeCheck = 0920;
				ORGANIZATIONNAME = Wachirapong;
				TargetAttributes = {
					F0D7152E1FF14CA60016CFBF = {
						CreatedOnToolsVersion = 9.2;
						ProvisioningStyle = Automatic;
					};
				};
			};
			buildConfigurationList = F0D7152A1FF14CA60016CFBF /* Build configuration list for PBXProject "VillageSecurityAppIos" */;
			compatibilityVersion = "Xcode 8.0";
			developmentRegion = en;
			hasScannedForEncodings = 0;
			knownRegions = (
				en,
				Base,
			);
			mainGroup = F0D715261FF14CA60016CFBF;
			productRefGroup = F0D715301FF14CA60016CFBF /* Products */;
			projectDirPath = "";
			projectRoot = "";
			targets = (
				F0D7152E1FF14CA60016CFBF /* VillageSecurityAppIos */,
			);
		};
/* End PBXProject section */

/* Begin PBXResourcesBuildPhase section */
		F0D7152D1FF14CA60016CFBF /* Resources */ = {
			isa = PBXResourcesBuildPhase;
			buildActionMask = 2147483647;
			files = (
				F0D7153D1FF14CA60016CFBF /* LaunchScreen.storyboard in Resources */,
				F0D7153A1FF14CA60016CFBF /* Assets.xcassets in Resources */,
				F0D715381FF14CA60016CFBF /* Main.storyboard in Resources */,
			);
			runOnlyForDeploymentPostprocessing = 0;
		};
/* End PBXResourcesBuildPhase section */

/* Begin PBXShellScriptBuildPhase section */
		3803F983C806F235403911EC /* [CP] Copy Pods Resources */ = {
			isa = PBXShellScriptBuildPhase;
			buildActionMask = 2147483647;
			files = (
			);
			inputPaths = (
			);
			name = "[CP] Copy Pods Resources";
			outputPaths = (
			);
			runOnlyForDeploymentPostprocessing = 0;
			shellPath = /bin/sh;
			shellScript = "\"${SRCROOT}/Pods/Target Support Files/Pods-VillageSecurityAppIos/Pods-VillageSecurityAppIos-resources.sh\"\n";
			showEnvVarsInLog = 0;
		};
		9F5680923F1968ED2ED3ECFD /* [CP] Embed Pods Frameworks */ = {
			isa = PBXShellScriptBuildPhase;
			buildActionMask = 2147483647;
			files = (
			);
			inputPaths = (
				"${SRCROOT}/Pods/Target Support Files/Pods-VillageSecurityAppIos/Pods-VillageSecurityAppIos-frameworks.sh",
				"${BUILT_PRODUCTS_DIR}/Alamofire/Alamofire.framework",
			);
			name = "[CP] Embed Pods Frameworks";
			outputPaths = (
				"${TARGET_BUILD_DIR}/${FRAMEWORKS_FOLDER_PATH}/Alamofire.framework",
			);
			runOnlyForDeploymentPostprocessing = 0;
			shellPath = /bin/sh;
			shellScript = "\"${SRCROOT}/Pods/Target Support Files/Pods-VillageSecurityAppIos/Pods-VillageSecurityAppIos-frameworks.sh\"\n";
			showEnvVarsInLog = 0;
		};
		BB7063AC16A884A79350B556 /* [CP] Check Pods Manifest.lock */ = {
			isa = PBXShellScriptBuildPhase;
			buildActionMask = 2147483647;
			files = (
			);
			inputPaths = (
				"${PODS_PODFILE_DIR_PATH}/Podfile.lock",
				"${PODS_ROOT}/Manifest.lock",
			);
			name = "[CP] Check Pods Manifest.lock";
			outputPaths = (
				"$(DERIVED_FILE_DIR)/Pods-VillageSecurityAppIos-checkManifestLockResult.txt",
			);
			runOnlyForDeploymentPostprocessing = 0;
			shellPath = /bin/sh;
			shellScript = "diff \"${PODS_PODFILE_DIR_PATH}/Podfile.lock\" \"${PODS_ROOT}/Manifest.lock\" > /dev/null\nif [ $? != 0 ] ; then\n    # print error to STDERR\n    echo \"error: The sandbox is not in sync with the Podfile.lock. Run 'pod install' or update your CocoaPods installation.\" >&2\n    exit 1\nfi\n# This output is used by Xcode 'outputs' to avoid re-running this script phase.\necho \"SUCCESS\" > \"${SCRIPT_OUTPUT_FILE_0}\"\n";
			showEnvVarsInLog = 0;
		};
/* End PBXShellScriptBuildPhase section */

/* Begin PBXSourcesBuildPhase section */
		F0D7152B1FF14CA60016CFBF /* Sources */ = {
			isa = PBXSourcesBuildPhase;
			buildActionMask = 2147483647;
			files = (
<<<<<<< Updated upstream
				ADEA5216200460EB00E284C6 /* GenericDelegate.swift in Sources */,
=======
				F0AF63FC2003BC4200C2F748 /* GenericDelegate.swift in Sources */,
>>>>>>> Stashed changes
				F0D715351FF14CA60016CFBF /* LoginViewController.swift in Sources */,
				F0D715331FF14CA60016CFBF /* AppDelegate.swift in Sources */,
				F0AF63FE2003C75700C2F748 /* UserMenuViewController.swift in Sources */,
				ADD99DF31FFCC78100AFEB70 /* SplashScreenViewController.swift in Sources */,
				F04D3F541FF7556D009EA5F8 /* Generic.swift in Sources */,
				F04D3F581FFB468A009EA5F8 /* ShareData.swift in Sources */,
				F04D3F561FFA9E08009EA5F8 /* Constants.swift in Sources */,
<<<<<<< Updated upstream
				ADEA5215200460EB00E284C6 /* GenericApi.swift in Sources */,
=======
				F0AF63FB2003BC4200C2F748 /* GenericApi.swift in Sources */,
>>>>>>> Stashed changes
			);
			runOnlyForDeploymentPostprocessing = 0;
		};
/* End PBXSourcesBuildPhase section */

/* Begin PBXVariantGroup section */
		F0D715361FF14CA60016CFBF /* Main.storyboard */ = {
			isa = PBXVariantGroup;
			children = (
				F0D715371FF14CA60016CFBF /* Base */,
			);
			name = Main.storyboard;
			sourceTree = "<group>";
		};
		F0D7153B1FF14CA60016CFBF /* LaunchScreen.storyboard */ = {
			isa = PBXVariantGroup;
			children = (
				F0D7153C1FF14CA60016CFBF /* Base */,
			);
			name = LaunchScreen.storyboard;
			sourceTree = "<group>";
		};
/* End PBXVariantGroup section */

/* Begin XCBuildConfiguration section */
		F0D7153F1FF14CA60016CFBF /* Debug */ = {
			isa = XCBuildConfiguration;
			buildSettings = {
				ALWAYS_SEARCH_USER_PATHS = NO;
				CLANG_ANALYZER_NONNULL = YES;
				CLANG_ANALYZER_NUMBER_OBJECT_CONVERSION = YES_AGGRESSIVE;
				CLANG_CXX_LANGUAGE_STANDARD = "gnu++14";
				CLANG_CXX_LIBRARY = "libc++";
				CLANG_ENABLE_MODULES = YES;
				CLANG_ENABLE_OBJC_ARC = YES;
				CLANG_WARN_BLOCK_CAPTURE_AUTORELEASING = YES;
				CLANG_WARN_BOOL_CONVERSION = YES;
				CLANG_WARN_COMMA = YES;
				CLANG_WARN_CONSTANT_CONVERSION = YES;
				CLANG_WARN_DIRECT_OBJC_ISA_USAGE = YES_ERROR;
				CLANG_WARN_DOCUMENTATION_COMMENTS = YES;
				CLANG_WARN_EMPTY_BODY = YES;
				CLANG_WARN_ENUM_CONVERSION = YES;
				CLANG_WARN_INFINITE_RECURSION = YES;
				CLANG_WARN_INT_CONVERSION = YES;
				CLANG_WARN_NON_LITERAL_NULL_CONVERSION = YES;
				CLANG_WARN_OBJC_LITERAL_CONVERSION = YES;
				CLANG_WARN_OBJC_ROOT_CLASS = YES_ERROR;
				CLANG_WARN_RANGE_LOOP_ANALYSIS = YES;
				CLANG_WARN_STRICT_PROTOTYPES = YES;
				CLANG_WARN_SUSPICIOUS_MOVE = YES;
				CLANG_WARN_UNGUARDED_AVAILABILITY = YES_AGGRESSIVE;
				CLANG_WARN_UNREACHABLE_CODE = YES;
				CLANG_WARN__DUPLICATE_METHOD_MATCH = YES;
				CODE_SIGN_IDENTITY = "iPhone Developer";
				COPY_PHASE_STRIP = NO;
				DEBUG_INFORMATION_FORMAT = dwarf;
				ENABLE_STRICT_OBJC_MSGSEND = YES;
				ENABLE_TESTABILITY = YES;
				GCC_C_LANGUAGE_STANDARD = gnu11;
				GCC_DYNAMIC_NO_PIC = NO;
				GCC_NO_COMMON_BLOCKS = YES;
				GCC_OPTIMIZATION_LEVEL = 0;
				GCC_PREPROCESSOR_DEFINITIONS = (
					"DEBUG=1",
					"$(inherited)",
				);
				GCC_WARN_64_TO_32_BIT_CONVERSION = YES;
				GCC_WARN_ABOUT_RETURN_TYPE = YES_ERROR;
				GCC_WARN_UNDECLARED_SELECTOR = YES;
				GCC_WARN_UNINITIALIZED_AUTOS = YES_AGGRESSIVE;
				GCC_WARN_UNUSED_FUNCTION = YES;
				GCC_WARN_UNUSED_VARIABLE = YES;
				IPHONEOS_DEPLOYMENT_TARGET = 11.2;
				MTL_ENABLE_DEBUG_INFO = YES;
				ONLY_ACTIVE_ARCH = YES;
				SDKROOT = iphoneos;
				SWIFT_ACTIVE_COMPILATION_CONDITIONS = DEBUG;
				SWIFT_OPTIMIZATION_LEVEL = "-Onone";
			};
			name = Debug;
		};
		F0D715401FF14CA60016CFBF /* Release */ = {
			isa = XCBuildConfiguration;
			buildSettings = {
				ALWAYS_SEARCH_USER_PATHS = NO;
				CLANG_ANALYZER_NONNULL = YES;
				CLANG_ANALYZER_NUMBER_OBJECT_CONVERSION = YES_AGGRESSIVE;
				CLANG_CXX_LANGUAGE_STANDARD = "gnu++14";
				CLANG_CXX_LIBRARY = "libc++";
				CLANG_ENABLE_MODULES = YES;
				CLANG_ENABLE_OBJC_ARC = YES;
				CLANG_WARN_BLOCK_CAPTURE_AUTORELEASING = YES;
				CLANG_WARN_BOOL_CONVERSION = YES;
				CLANG_WARN_COMMA = YES;
				CLANG_WARN_CONSTANT_CONVERSION = YES;
				CLANG_WARN_DIRECT_OBJC_ISA_USAGE = YES_ERROR;
				CLANG_WARN_DOCUMENTATION_COMMENTS = YES;
				CLANG_WARN_EMPTY_BODY = YES;
				CLANG_WARN_ENUM_CONVERSION = YES;
				CLANG_WARN_INFINITE_RECURSION = YES;
				CLANG_WARN_INT_CONVERSION = YES;
				CLANG_WARN_NON_LITERAL_NULL_CONVERSION = YES;
				CLANG_WARN_OBJC_LITERAL_CONVERSION = YES;
				CLANG_WARN_OBJC_ROOT_CLASS = YES_ERROR;
				CLANG_WARN_RANGE_LOOP_ANALYSIS = YES;
				CLANG_WARN_STRICT_PROTOTYPES = YES;
				CLANG_WARN_SUSPICIOUS_MOVE = YES;
				CLANG_WARN_UNGUARDED_AVAILABILITY = YES_AGGRESSIVE;
				CLANG_WARN_UNREACHABLE_CODE = YES;
				CLANG_WARN__DUPLICATE_METHOD_MATCH = YES;
				CODE_SIGN_IDENTITY = "iPhone Developer";
				COPY_PHASE_STRIP = NO;
				DEBUG_INFORMATION_FORMAT = "dwarf-with-dsym";
				ENABLE_NS_ASSERTIONS = NO;
				ENABLE_STRICT_OBJC_MSGSEND = YES;
				GCC_C_LANGUAGE_STANDARD = gnu11;
				GCC_NO_COMMON_BLOCKS = YES;
				GCC_WARN_64_TO_32_BIT_CONVERSION = YES;
				GCC_WARN_ABOUT_RETURN_TYPE = YES_ERROR;
				GCC_WARN_UNDECLARED_SELECTOR = YES;
				GCC_WARN_UNINITIALIZED_AUTOS = YES_AGGRESSIVE;
				GCC_WARN_UNUSED_FUNCTION = YES;
				GCC_WARN_UNUSED_VARIABLE = YES;
				IPHONEOS_DEPLOYMENT_TARGET = 11.2;
				MTL_ENABLE_DEBUG_INFO = NO;
				SDKROOT = iphoneos;
				SWIFT_OPTIMIZATION_LEVEL = "-Owholemodule";
				VALIDATE_PRODUCT = YES;
			};
			name = Release;
		};
		F0D715421FF14CA60016CFBF /* Debug */ = {
			isa = XCBuildConfiguration;
			baseConfigurationReference = 8173C8AC2303860259E676B1 /* Pods-VillageSecurityAppIos.debug.xcconfig */;
			buildSettings = {
				ASSETCATALOG_COMPILER_APPICON_NAME = AppIcon;
				CODE_SIGN_STYLE = Automatic;
				INFOPLIST_FILE = VillageSecurityAppIos/Info.plist;
				LD_RUNPATH_SEARCH_PATHS = "$(inherited) @executable_path/Frameworks";
				PRODUCT_BUNDLE_IDENTIFIER = bf.VillageSecurityAppIos;
				PRODUCT_NAME = "$(TARGET_NAME)";
				SWIFT_VERSION = 4.0;
				TARGETED_DEVICE_FAMILY = "1,2";
			};
			name = Debug;
		};
		F0D715431FF14CA60016CFBF /* Release */ = {
			isa = XCBuildConfiguration;
			baseConfigurationReference = 6D6E64D97F3AAEA316AD500B /* Pods-VillageSecurityAppIos.release.xcconfig */;
			buildSettings = {
				ASSETCATALOG_COMPILER_APPICON_NAME = AppIcon;
				CODE_SIGN_STYLE = Automatic;
				INFOPLIST_FILE = VillageSecurityAppIos/Info.plist;
				LD_RUNPATH_SEARCH_PATHS = "$(inherited) @executable_path/Frameworks";
				PRODUCT_BUNDLE_IDENTIFIER = bf.VillageSecurityAppIos;
				PRODUCT_NAME = "$(TARGET_NAME)";
				SWIFT_VERSION = 4.0;
				TARGETED_DEVICE_FAMILY = "1,2";
			};
			name = Release;
		};
/* End XCBuildConfiguration section */

/* Begin XCConfigurationList section */
		F0D7152A1FF14CA60016CFBF /* Build configuration list for PBXProject "VillageSecurityAppIos" */ = {
			isa = XCConfigurationList;
			buildConfigurations = (
				F0D7153F1FF14CA60016CFBF /* Debug */,
				F0D715401FF14CA60016CFBF /* Release */,
			);
			defaultConfigurationIsVisible = 0;
			defaultConfigurationName = Release;
		};
		F0D715411FF14CA60016CFBF /* Build configuration list for PBXNativeTarget "VillageSecurityAppIos" */ = {
			isa = XCConfigurationList;
			buildConfigurations = (
				F0D715421FF14CA60016CFBF /* Debug */,
				F0D715431FF14CA60016CFBF /* Release */,
			);
			defaultConfigurationIsVisible = 0;
			defaultConfigurationName = Release;
		};
/* End XCConfigurationList section */
	};
	rootObject = F0D715271FF14CA60016CFBF /* Project object */;
}
